
Microsoft Visual Studio Solution File, Format Version 12.00
# Visual Studio Version 17
VisualStudioVersion = 17.6.33829.357
MinimumVisualStudioVersion = 10.0.40219.1
Project("{FAE04EC0-301F-11D3-BF4B-00C04F79EFBC}") = "console_xox", "console_xox\console_xox.csproj", "{46FFBDEB-859B-45D2-B0B6-95A3124A0730}"
EndProject
Global
	GlobalSection(SolutionConfigurationPlatforms) = preSolution
		Debug|Any CPU = Debug|Any CPU
		Release|Any CPU = Release|Any CPU
	EndGlobalSection
	GlobalSection(ProjectConfigurationPlatforms) = postSolution
		{46FFBDEB-859B-45D2-B0B6-95A3124A0730}.Debug|Any CPU.ActiveCfg = Debug|Any CPU
		{46FFBDEB-859B-45D2-B0B6-95A3124A0730}.Debug|Any CPU.Build.0 = Debug|Any CPU
		{46FFBDEB-859B-45D2-B0B6-95A3124A0730}.Release|Any CPU.ActiveCfg = Release|Any CPU
		{46FFBDEB-859B-45D2-B0B6-95A3124A0730}.Release|Any CPU.Build.0 = Release|Any CPU
	EndGlobalSection
	GlobalSection(SolutionProperties) = preSolution
		HideSolutionNode = FALSE
	EndGlobalSection
	GlobalSection(ExtensibilityGlobals) = postSolution
		SolutionGuid = {D8B99BC9-A07F-4FD5-8CDE-D582E3CE0750}
	EndGlobalSection
EndGlobal
